
Microsoft Visual Studio Solution File, Format Version 12.00
# Visual Studio Version 17
VisualStudioVersion = 17.5.002.0
MinimumVisualStudioVersion = 10.0.40219.1
Project("{9A19103F-16F7-4668-BE54-9A1E7A4F7556}") = "SkillupCoding", "SkillupCoding.csproj", "{F91E3B07-5B54-46E5-9227-415FDFA0B608}"
EndProject
Global
	GlobalSection(SolutionConfigurationPlatforms) = preSolution
		Debug|Any CPU = Debug|Any CPU
		Release|Any CPU = Release|Any CPU
	EndGlobalSection
	GlobalSection(ProjectConfigurationPlatforms) = postSolution
		{F91E3B07-5B54-46E5-9227-415FDFA0B608}.Debug|Any CPU.ActiveCfg = Debug|Any CPU
		{F91E3B07-5B54-46E5-9227-415FDFA0B608}.Debug|Any CPU.Build.0 = Debug|Any CPU
		{F91E3B07-5B54-46E5-9227-415FDFA0B608}.Release|Any CPU.ActiveCfg = Release|Any CPU
		{F91E3B07-5B54-46E5-9227-415FDFA0B608}.Release|Any CPU.Build.0 = Release|Any CPU
	EndGlobalSection
	GlobalSection(SolutionProperties) = preSolution
		HideSolutionNode = FALSE
	EndGlobalSection
	GlobalSection(ExtensibilityGlobals) = postSolution
		SolutionGuid = {5DD90D5D-9587-4253-8D9E-3ED5C2F57E45}
	EndGlobalSection
EndGlobal
